
Microsoft Visual Studio Solution File, Format Version 12.00
# Visual Studio Version 17
VisualStudioVersion = 17.3.32922.545
MinimumVisualStudioVersion = 10.0.40219.1
Project("{FAE04EC0-301F-11D3-BF4B-00C04F79EFBC}") = "ZadanieSOFI", "ZadanieSOFI.csproj", "{5D2F8A23-0888-47B0-ACFA-BC3A09D2D57B}"
EndProject
Global
	GlobalSection(SolutionConfigurationPlatforms) = preSolution
		Debug|Any CPU = Debug|Any CPU
		Release|Any CPU = Release|Any CPU
	EndGlobalSection
	GlobalSection(ProjectConfigurationPlatforms) = postSolution
		{5D2F8A23-0888-47B0-ACFA-BC3A09D2D57B}.Debug|Any CPU.ActiveCfg = Debug|Any CPU
		{5D2F8A23-0888-47B0-ACFA-BC3A09D2D57B}.Debug|Any CPU.Build.0 = Debug|Any CPU
		{5D2F8A23-0888-47B0-ACFA-BC3A09D2D57B}.Release|Any CPU.ActiveCfg = Release|Any CPU
		{5D2F8A23-0888-47B0-ACFA-BC3A09D2D57B}.Release|Any CPU.Build.0 = Release|Any CPU
	EndGlobalSection
	GlobalSection(SolutionProperties) = preSolution
		HideSolutionNode = FALSE
	EndGlobalSection
	GlobalSection(ExtensibilityGlobals) = postSolution
		SolutionGuid = {39F26B83-AD82-4A54-A71A-4CE5AF63D1DB}
	EndGlobalSection
EndGlobal
